
Microsoft Visual Studio Solution File, Format Version 12.00
# Visual Studio 15
VisualStudioVersion = 15.0.26730.12
MinimumVisualStudioVersion = 10.0.40219.1
Project("{FAE04EC0-301F-11D3-BF4B-00C04F79EFBC}") = "RibbonApp", "RibbonApp\RibbonApp.csproj", "{441E986D-EF2C-4F0D-B877-65F4E302345F}"
EndProject
Project("{54435603-DBB4-11D2-8724-00A0C9A8B90C}") = "SetupProject", "SetupProject\SetupProject.vdproj", "{E16FDF6B-FC99-452D-90DB-085AE83440B8}"
EndProject
Project("{FAE04EC0-301F-11D3-BF4B-00C04F79EFBC}") = "Xceed.Wpf.AvalonDock", "Xceed.Wpf.AvalonDock\Xceed.Wpf.AvalonDock.csproj", "{DB81988F-E0F2-45A0-A1FD-8C37F3D35244}"
EndProject
Global
	GlobalSection(SolutionConfigurationPlatforms) = preSolution
		Debug|Any CPU = Debug|Any CPU
		Release|Any CPU = Release|Any CPU
	EndGlobalSection
	GlobalSection(ProjectConfigurationPlatforms) = postSolution
		{441E986D-EF2C-4F0D-B877-65F4E302345F}.Debug|Any CPU.ActiveCfg = Debug|Any CPU
		{441E986D-EF2C-4F0D-B877-65F4E302345F}.Debug|Any CPU.Build.0 = Debug|Any CPU
		{441E986D-EF2C-4F0D-B877-65F4E302345F}.Release|Any CPU.ActiveCfg = Release|Any CPU
		{441E986D-EF2C-4F0D-B877-65F4E302345F}.Release|Any CPU.Build.0 = Release|Any CPU
		{E16FDF6B-FC99-452D-90DB-085AE83440B8}.Debug|Any CPU.ActiveCfg = Debug
		{E16FDF6B-FC99-452D-90DB-085AE83440B8}.Release|Any CPU.ActiveCfg = Release
		{DB81988F-E0F2-45A0-A1FD-8C37F3D35244}.Debug|Any CPU.ActiveCfg = Debug|Any CPU
		{DB81988F-E0F2-45A0-A1FD-8C37F3D35244}.Debug|Any CPU.Build.0 = Debug|Any CPU
		{DB81988F-E0F2-45A0-A1FD-8C37F3D35244}.Release|Any CPU.ActiveCfg = Release|Any CPU
		{DB81988F-E0F2-45A0-A1FD-8C37F3D35244}.Release|Any CPU.Build.0 = Release|Any CPU
	EndGlobalSection
	GlobalSection(SolutionProperties) = preSolution
		HideSolutionNode = FALSE
	EndGlobalSection
	GlobalSection(ExtensibilityGlobals) = postSolution
		SolutionGuid = {8CD88668-3765-411A-90EC-5370E0B6B403}
	EndGlobalSection
EndGlobal
